# This file is autogenerated, do not edit; changes may be undone by the next 'dep ensure'.


[[projects]]
  name = "github.com/PuerkitoBio/purell"
  packages = ["."]
  revision = "d69616f51cdfcd7514d6a380847a152dfc2a749d"

[[projects]]
  name = "github.com/asaskevich/govalidator"
  packages = ["."]
  revision = "9699ab6b38bee2e02cd3fe8b99ecf67665395c96"

[[projects]]
  name = "github.com/getsentry/raven-go"
  packages = ["."]
  revision = "d25a363f644decca10856d923980d10555f473e9"

[[projects]]
  name = "github.com/go-swagger/go-swagger"
  packages = ["errors","httpkit","httpkit/middleware","httpkit/middleware/header","httpkit/middleware/untyped","httpkit/validate","internal/validate","jsonpointer","jsonreference","spec","strfmt","swag"]
  revision = "4fc282a149e998dbe8703bd2e2643d14c7d71c0f"

[[projects]]
  name = "github.com/gorilla/context"
  packages = ["."]
  revision = "1c83b3eabd45b6d76072b66b746c20815fb2872d"

[[projects]]
  name = "github.com/jessevdk/go-flags"
  packages = ["."]
  revision = "6b9493b3cb60367edd942144879646604089e3f7"

[[projects]]
  name = "github.com/naoina/denco"
  packages = ["."]
  revision = "9af2ba0e24214bac003821f4a501b131b2e04c75"

[[projects]]
  name = "github.com/opennota/urlesc"
  packages = ["."]
  revision = "5fa9ff0392746aeae1c4b37fcc42c65afa7a9587"

[[projects]]
  name = "github.com/stretchr/testify"
  packages = ["assert","require"]
  revision = "f5520455607c0233cb6d7b056f71b22c1d265ef1"

[[projects]]
  name = "github.com/tylerb/graceful"
  packages = ["."]
  revision = "7116c7a8115899e80197cd9e0b97998c0f97ed8e"

[[projects]]
  name = "golang.org/x/net"
  packages = ["netutil"]
  revision = "1b27761f1cd4840a914b5255e4357385091562e5"

[[projects]]
  name = "gopkg.in/Clever/kayvee-go.v2"
  packages = [".","logger","validator"]
  revision = "f22678e173a41725762e243290eca4dd3939b33b"
  version = "v2.4.0"

[[projects]]
  name = "gopkg.in/yaml.v2"
  packages = ["."]
  revision = "f7716cbe52baa25d2e9b0d0da546fcf909fc16b4"

[solve-meta]
  analyzer-name = "dep"
  analyzer-version = 1
  inputs-digest = "afcf88cf3d64ca264d1e50b5570a02ddd83d4ce44024e146df2f4943a24307e0"
  solver-name = "gps-cdcl"
  solver-version = 1
